
Microsoft Visual Studio Solution File, Format Version 12.00
# Visual Studio 2012
Project("{FAE04EC0-301F-11D3-BF4B-00C04F79EFBC}") = "TeknikServis", "TeknikServis\TeknikServis.csproj", "{37EB3AF0-03E8-48B7-88EE-3D4843A71EF8}"
EndProject
Project("{6141683F-8A12-4E36-9623-2EB02B2C2303}") = "TeknikServisSetup", "TeknikServisSetup\TeknikServisSetup.isproj", "{50267500-B196-4887-BA82-2435CB2ADABF}"
	ProjectSection(ProjectDependencies) = postProject
		{37EB3AF0-03E8-48B7-88EE-3D4843A71EF8} = {37EB3AF0-03E8-48B7-88EE-3D4843A71EF8}
	EndProjectSection
EndProject
Global
	GlobalSection(SolutionConfigurationPlatforms) = preSolution
		CD_ROM|Any CPU = CD_ROM|Any CPU
		Debug|Any CPU = Debug|Any CPU
		DVD-5|Any CPU = DVD-5|Any CPU
		Release|Any CPU = Release|Any CPU
		SingleImage|Any CPU = SingleImage|Any CPU
	EndGlobalSection
	GlobalSection(ProjectConfigurationPlatforms) = postSolution
		{37EB3AF0-03E8-48B7-88EE-3D4843A71EF8}.CD_ROM|Any CPU.ActiveCfg = Release|Any CPU
		{37EB3AF0-03E8-48B7-88EE-3D4843A71EF8}.CD_ROM|Any CPU.Build.0 = Release|Any CPU
		{37EB3AF0-03E8-48B7-88EE-3D4843A71EF8}.Debug|Any CPU.ActiveCfg = Debug|Any CPU
		{37EB3AF0-03E8-48B7-88EE-3D4843A71EF8}.Debug|Any CPU.Build.0 = Debug|Any CPU
		{37EB3AF0-03E8-48B7-88EE-3D4843A71EF8}.DVD-5|Any CPU.ActiveCfg = Debug|Any CPU
		{37EB3AF0-03E8-48B7-88EE-3D4843A71EF8}.DVD-5|Any CPU.Build.0 = Debug|Any CPU
		{37EB3AF0-03E8-48B7-88EE-3D4843A71EF8}.Release|Any CPU.ActiveCfg = Release|Any CPU
		{37EB3AF0-03E8-48B7-88EE-3D4843A71EF8}.Release|Any CPU.Build.0 = Release|Any CPU
		{37EB3AF0-03E8-48B7-88EE-3D4843A71EF8}.SingleImage|Any CPU.ActiveCfg = Release|Any CPU
		{37EB3AF0-03E8-48B7-88EE-3D4843A71EF8}.SingleImage|Any CPU.Build.0 = Release|Any CPU
		{50267500-B196-4887-BA82-2435CB2ADABF}.CD_ROM|Any CPU.ActiveCfg = CD_ROM
		{50267500-B196-4887-BA82-2435CB2ADABF}.CD_ROM|Any CPU.Build.0 = CD_ROM
		{50267500-B196-4887-BA82-2435CB2ADABF}.Debug|Any CPU.ActiveCfg = DVD-5
		{50267500-B196-4887-BA82-2435CB2ADABF}.Debug|Any CPU.Build.0 = DVD-5
		{50267500-B196-4887-BA82-2435CB2ADABF}.DVD-5|Any CPU.ActiveCfg = DVD-5
		{50267500-B196-4887-BA82-2435CB2ADABF}.DVD-5|Any CPU.Build.0 = DVD-5
		{50267500-B196-4887-BA82-2435CB2ADABF}.Release|Any CPU.ActiveCfg = SingleImage
		{50267500-B196-4887-BA82-2435CB2ADABF}.Release|Any CPU.Build.0 = SingleImage
		{50267500-B196-4887-BA82-2435CB2ADABF}.SingleImage|Any CPU.ActiveCfg = SingleImage
		{50267500-B196-4887-BA82-2435CB2ADABF}.SingleImage|Any CPU.Build.0 = SingleImage
	EndGlobalSection
	GlobalSection(SolutionProperties) = preSolution
		HideSolutionNode = FALSE
	EndGlobalSection
EndGlobal
